
Microsoft Visual Studio Solution File, Format Version 12.00
# Visual Studio Version 16
VisualStudioVersion = 16.0.29418.71
MinimumVisualStudioVersion = 10.0.40219.1
Project("{8BC9CEB8-8B4A-11D0-8D11-00A0C91BC942}") = "2018_day01", "AdventOfCode.vcxproj", "{63C751E1-EF1E-4E57-8F6D-ED5F6D85F0FF}"
EndProject
Project("{8BC9CEB8-8B4A-11D0-8D11-00A0C91BC942}") = "2018_day02", "..\day02_2018\day02_2018.vcxproj", "{26D4D286-0516-421B-A184-E891AE57B387}"
EndProject
Project("{8BC9CEB8-8B4A-11D0-8D11-00A0C91BC942}") = "2018_day03", "..\day03_2018\day03_2018.vcxproj", "{5909B0D6-1785-4E22-996E-7268EF5E378C}"
EndProject
Project("{8BC9CEB8-8B4A-11D0-8D11-00A0C91BC942}") = "day04_2018", "day04_2018\day04_2018.vcxproj", "{563C42D3-BCDF-452F-ADB6-84A815E587E6}"
EndProject
Project("{8BC9CEB8-8B4A-11D0-8D11-00A0C91BC942}") = "2019_day01", "..\day01_2019\day01_2019.vcxproj", "{BD67776F-1C5D-4406-8DDA-6E5BF9FDC55A}"
EndProject
Project("{8BC9CEB8-8B4A-11D0-8D11-00A0C91BC942}") = "2019_day02", "..\2019_day02\2019_day02.vcxproj", "{68BADA74-E5AC-4B93-AB78-5792AF95A82F}"
EndProject
Project("{8BC9CEB8-8B4A-11D0-8D11-00A0C91BC942}") = "2019_day03", "..\2019_day03\2019_day03.vcxproj", "{6B5FA906-2E45-499A-AC4D-C32950B2BB9B}"
EndProject
Project("{8BC9CEB8-8B4A-11D0-8D11-00A0C91BC942}") = "2019_day04", "..\2019_day04\2019_day04.vcxproj", "{590715C8-5335-4B4C-8659-F89CA8FF10B6}"
EndProject
Global
	GlobalSection(SolutionConfigurationPlatforms) = preSolution
		Debug|x64 = Debug|x64
		Debug|x86 = Debug|x86
		Release|x64 = Release|x64
		Release|x86 = Release|x86
	EndGlobalSection
	GlobalSection(ProjectConfigurationPlatforms) = postSolution
		{63C751E1-EF1E-4E57-8F6D-ED5F6D85F0FF}.Debug|x64.ActiveCfg = Debug|x64
		{63C751E1-EF1E-4E57-8F6D-ED5F6D85F0FF}.Debug|x64.Build.0 = Debug|x64
		{63C751E1-EF1E-4E57-8F6D-ED5F6D85F0FF}.Debug|x86.ActiveCfg = Debug|Win32
		{63C751E1-EF1E-4E57-8F6D-ED5F6D85F0FF}.Debug|x86.Build.0 = Debug|Win32
		{63C751E1-EF1E-4E57-8F6D-ED5F6D85F0FF}.Release|x64.ActiveCfg = Release|x64
		{63C751E1-EF1E-4E57-8F6D-ED5F6D85F0FF}.Release|x64.Build.0 = Release|x64
		{63C751E1-EF1E-4E57-8F6D-ED5F6D85F0FF}.Release|x86.ActiveCfg = Release|Win32
		{63C751E1-EF1E-4E57-8F6D-ED5F6D85F0FF}.Release|x86.Build.0 = Release|Win32
		{26D4D286-0516-421B-A184-E891AE57B387}.Debug|x64.ActiveCfg = Debug|x64
		{26D4D286-0516-421B-A184-E891AE57B387}.Debug|x64.Build.0 = Debug|x64
		{26D4D286-0516-421B-A184-E891AE57B387}.Debug|x86.ActiveCfg = Debug|Win32
		{26D4D286-0516-421B-A184-E891AE57B387}.Debug|x86.Build.0 = Debug|Win32
		{26D4D286-0516-421B-A184-E891AE57B387}.Release|x64.ActiveCfg = Release|x64
		{26D4D286-0516-421B-A184-E891AE57B387}.Release|x64.Build.0 = Release|x64
		{26D4D286-0516-421B-A184-E891AE57B387}.Release|x86.ActiveCfg = Release|Win32
		{26D4D286-0516-421B-A184-E891AE57B387}.Release|x86.Build.0 = Release|Win32
		{5909B0D6-1785-4E22-996E-7268EF5E378C}.Debug|x64.ActiveCfg = Debug|x64
		{5909B0D6-1785-4E22-996E-7268EF5E378C}.Debug|x64.Build.0 = Debug|x64
		{5909B0D6-1785-4E22-996E-7268EF5E378C}.Debug|x86.ActiveCfg = Debug|Win32
		{5909B0D6-1785-4E22-996E-7268EF5E378C}.Debug|x86.Build.0 = Debug|Win32
		{5909B0D6-1785-4E22-996E-7268EF5E378C}.Release|x64.ActiveCfg = Release|x64
		{5909B0D6-1785-4E22-996E-7268EF5E378C}.Release|x64.Build.0 = Release|x64
		{5909B0D6-1785-4E22-996E-7268EF5E378C}.Release|x86.ActiveCfg = Release|Win32
		{5909B0D6-1785-4E22-996E-7268EF5E378C}.Release|x86.Build.0 = Release|Win32
		{563C42D3-BCDF-452F-ADB6-84A815E587E6}.Debug|x64.ActiveCfg = Debug|x64
		{563C42D3-BCDF-452F-ADB6-84A815E587E6}.Debug|x64.Build.0 = Debug|x64
		{563C42D3-BCDF-452F-ADB6-84A815E587E6}.Debug|x86.ActiveCfg = Debug|Win32
		{563C42D3-BCDF-452F-ADB6-84A815E587E6}.Debug|x86.Build.0 = Debug|Win32
		{563C42D3-BCDF-452F-ADB6-84A815E587E6}.Release|x64.ActiveCfg = Release|x64
		{563C42D3-BCDF-452F-ADB6-84A815E587E6}.Release|x64.Build.0 = Release|x64
		{563C42D3-BCDF-452F-ADB6-84A815E587E6}.Release|x86.ActiveCfg = Release|Win32
		{563C42D3-BCDF-452F-ADB6-84A815E587E6}.Release|x86.Build.0 = Release|Win32
		{BD67776F-1C5D-4406-8DDA-6E5BF9FDC55A}.Debug|x64.ActiveCfg = Debug|x64
		{BD67776F-1C5D-4406-8DDA-6E5BF9FDC55A}.Debug|x64.Build.0 = Debug|x64
		{BD67776F-1C5D-4406-8DDA-6E5BF9FDC55A}.Debug|x86.ActiveCfg = Debug|Win32
		{BD67776F-1C5D-4406-8DDA-6E5BF9FDC55A}.Debug|x86.Build.0 = Debug|Win32
		{BD67776F-1C5D-4406-8DDA-6E5BF9FDC55A}.Release|x64.ActiveCfg = Release|x64
		{BD67776F-1C5D-4406-8DDA-6E5BF9FDC55A}.Release|x64.Build.0 = Release|x64
		{BD67776F-1C5D-4406-8DDA-6E5BF9FDC55A}.Release|x86.ActiveCfg = Release|Win32
		{BD67776F-1C5D-4406-8DDA-6E5BF9FDC55A}.Release|x86.Build.0 = Release|Win32
		{68BADA74-E5AC-4B93-AB78-5792AF95A82F}.Debug|x64.ActiveCfg = Debug|x64
		{68BADA74-E5AC-4B93-AB78-5792AF95A82F}.Debug|x64.Build.0 = Debug|x64
		{68BADA74-E5AC-4B93-AB78-5792AF95A82F}.Debug|x86.ActiveCfg = Debug|Win32
		{68BADA74-E5AC-4B93-AB78-5792AF95A82F}.Debug|x86.Build.0 = Debug|Win32
		{68BADA74-E5AC-4B93-AB78-5792AF95A82F}.Release|x64.ActiveCfg = Release|x64
		{68BADA74-E5AC-4B93-AB78-5792AF95A82F}.Release|x64.Build.0 = Release|x64
		{68BADA74-E5AC-4B93-AB78-5792AF95A82F}.Release|x86.ActiveCfg = Release|Win32
		{68BADA74-E5AC-4B93-AB78-5792AF95A82F}.Release|x86.Build.0 = Release|Win32
		{6B5FA906-2E45-499A-AC4D-C32950B2BB9B}.Debug|x64.ActiveCfg = Debug|x64
		{6B5FA906-2E45-499A-AC4D-C32950B2BB9B}.Debug|x64.Build.0 = Debug|x64
		{6B5FA906-2E45-499A-AC4D-C32950B2BB9B}.Debug|x86.ActiveCfg = Debug|Win32
		{6B5FA906-2E45-499A-AC4D-C32950B2BB9B}.Debug|x86.Build.0 = Debug|Win32
		{6B5FA906-2E45-499A-AC4D-C32950B2BB9B}.Release|x64.ActiveCfg = Release|x64
		{6B5FA906-2E45-499A-AC4D-C32950B2BB9B}.Release|x64.Build.0 = Release|x64
		{6B5FA906-2E45-499A-AC4D-C32950B2BB9B}.Release|x86.ActiveCfg = Release|Win32
		{6B5FA906-2E45-499A-AC4D-C32950B2BB9B}.Release|x86.Build.0 = Release|Win32
		{590715C8-5335-4B4C-8659-F89CA8FF10B6}.Debug|x64.ActiveCfg = Debug|x64
		{590715C8-5335-4B4C-8659-F89CA8FF10B6}.Debug|x64.Build.0 = Debug|x64
		{590715C8-5335-4B4C-8659-F89CA8FF10B6}.Debug|x86.ActiveCfg = Debug|Win32
		{590715C8-5335-4B4C-8659-F89CA8FF10B6}.Debug|x86.Build.0 = Debug|Win32
		{590715C8-5335-4B4C-8659-F89CA8FF10B6}.Release|x64.ActiveCfg = Release|x64
		{590715C8-5335-4B4C-8659-F89CA8FF10B6}.Release|x64.Build.0 = Release|x64
		{590715C8-5335-4B4C-8659-F89CA8FF10B6}.Release|x86.ActiveCfg = Release|Win32
		{590715C8-5335-4B4C-8659-F89CA8FF10B6}.Release|x86.Build.0 = Release|Win32
	EndGlobalSection
	GlobalSection(SolutionProperties) = preSolution
		HideSolutionNode = FALSE
	EndGlobalSection
	GlobalSection(ExtensibilityGlobals) = postSolution
		SolutionGuid = {1D3C3F43-D9F7-4A43-AF84-CD020CF3EC84}
	EndGlobalSection
EndGlobal
